
Microsoft Visual Studio Solution File, Format Version 12.00
# Visual Studio Version 17
VisualStudioVersion = 17.11.35222.181
MinimumVisualStudioVersion = 10.0.40219.1
Project("{FAE04EC0-301F-11D3-BF4B-00C04F79EFBC}") = "MVCFrontForJobSeek", "MVCFrontForJobSeek\MVCFrontForJobSeek.csproj", "{2005C416-662B-4CCE-8C81-7D2D535AB9DD}"
EndProject
Global
	GlobalSection(SolutionConfigurationPlatforms) = preSolution
		Debug|Any CPU = Debug|Any CPU
		Release|Any CPU = Release|Any CPU
	EndGlobalSection
	GlobalSection(ProjectConfigurationPlatforms) = postSolution
		{2005C416-662B-4CCE-8C81-7D2D535AB9DD}.Debug|Any CPU.ActiveCfg = Debug|Any CPU
		{2005C416-662B-4CCE-8C81-7D2D535AB9DD}.Debug|Any CPU.Build.0 = Debug|Any CPU
		{2005C416-662B-4CCE-8C81-7D2D535AB9DD}.Release|Any CPU.ActiveCfg = Release|Any CPU
		{2005C416-662B-4CCE-8C81-7D2D535AB9DD}.Release|Any CPU.Build.0 = Release|Any CPU
	EndGlobalSection
	GlobalSection(SolutionProperties) = preSolution
		HideSolutionNode = FALSE
	EndGlobalSection
	GlobalSection(ExtensibilityGlobals) = postSolution
		SolutionGuid = {8FEB81E5-2A32-4C3A-88B1-82CA9E2F40EB}
	EndGlobalSection
EndGlobal
